
Microsoft Visual Studio Solution File, Format Version 12.00
# Visual Studio 14
VisualStudioVersion = 14.0.23107.0
MinimumVisualStudioVersion = 10.0.40219.1
Project("{FAE04EC0-301F-11D3-BF4B-00C04F79EFBC}") = "dashboarddemo", "dashboarddemo\dashboarddemo.csproj", "{206A986D-DDDB-4864-BE9F-A95E141CC89A}"
EndProject
Project("{2150E333-8FDC-42A3-9474-1A3956D46DE8}") = "PublishScripts", "PublishScripts", "{8062B70C-43C9-424E-85B9-D9A43BC058C6}"
	ProjectSection(SolutionItems) = preProject
		PublishScripts\AzureVMPublishModule.psm1 = PublishScripts\AzureVMPublishModule.psm1
		PublishScripts\Publish-WebApplicationVM.ps1 = PublishScripts\Publish-WebApplicationVM.ps1
	EndProjectSection
EndProject
Project("{2150E333-8FDC-42A3-9474-1A3956D46DE8}") = "Configurations", "Configurations", "{74A69266-7DD7-4685-AB6A-062CC0164418}"
	ProjectSection(SolutionItems) = preProject
		PublishScripts\Configurations\dashboarddemo-WAWS-dev.json = PublishScripts\Configurations\dashboarddemo-WAWS-dev.json
	EndProjectSection
EndProject
Global
	GlobalSection(SolutionConfigurationPlatforms) = preSolution
		Debug|Any CPU = Debug|Any CPU
		Release|Any CPU = Release|Any CPU
	EndGlobalSection
	GlobalSection(ProjectConfigurationPlatforms) = postSolution
		{206A986D-DDDB-4864-BE9F-A95E141CC89A}.Debug|Any CPU.ActiveCfg = Debug|Any CPU
		{206A986D-DDDB-4864-BE9F-A95E141CC89A}.Debug|Any CPU.Build.0 = Debug|Any CPU
		{206A986D-DDDB-4864-BE9F-A95E141CC89A}.Release|Any CPU.ActiveCfg = Release|Any CPU
		{206A986D-DDDB-4864-BE9F-A95E141CC89A}.Release|Any CPU.Build.0 = Release|Any CPU
	EndGlobalSection
	GlobalSection(SolutionProperties) = preSolution
		HideSolutionNode = FALSE
	EndGlobalSection
	GlobalSection(NestedProjects) = preSolution
		{74A69266-7DD7-4685-AB6A-062CC0164418} = {8062B70C-43C9-424E-85B9-D9A43BC058C6}
	EndGlobalSection
EndGlobal
